
Microsoft Visual Studio Solution File, Format Version 12.00
# Visual Studio Version 17
VisualStudioVersion = 17.9.34728.123
MinimumVisualStudioVersion = 10.0.40219.1
Project("{9A19103F-16F7-4668-BE54-9A1E7A4F7556}") = "WibuBlog", "WibuBlog\WibuBlog.csproj", "{9A27E8FE-865F-4C29-BECE-1E02225BC6CF}"
EndProject
Project("{9A19103F-16F7-4668-BE54-9A1E7A4F7556}") = "WibuBlogAPI", "WibuBlogAPI\WibuBlogAPI.csproj", "{68EC4699-1194-4779-A880-B4B37666B64B}"
EndProject
Project("{9A19103F-16F7-4668-BE54-9A1E7A4F7556}") = "Domain", "Domain\Domain.csproj", "{29CC1A9E-79F0-4E69-A4D6-CF1E4C98993C}"
EndProject
Project("{9A19103F-16F7-4668-BE54-9A1E7A4F7556}") = "Application", "Application\Application.csproj", "{B49D0AB7-BFE6-48EF-8653-A840E54B68FB}"
EndProject
Project("{9A19103F-16F7-4668-BE54-9A1E7A4F7556}") = "Infrastructure", "Infrastructure\Infrastructure.csproj", "{CBFC5F0B-E208-4BF0-9E4F-2D0FF9F72AE9}"
EndProject
Project("{FAE04EC0-301F-11D3-BF4B-00C04F79EFBC}") = "ServiceLayerUnitTests", "ServiceLayerUnitTests\ServiceLayerUnitTests.csproj", "{B55FC7A8-ED26-4B5C-90BC-22AC25986252}"
EndProject
Project("{FAE04EC0-301F-11D3-BF4B-00C04F79EFBC}") = "InfrastructureLayerUnitTests", "InfrastructureLayerUnitTests\InfrastructureLayerUnitTests.csproj", "{E7A94439-4F02-41E1-8D36-485B0EF33B8C}"
EndProject
Global
	GlobalSection(SolutionConfigurationPlatforms) = preSolution
		Debug|Any CPU = Debug|Any CPU
		Release|Any CPU = Release|Any CPU
	EndGlobalSection
	GlobalSection(ProjectConfigurationPlatforms) = postSolution
		{9A27E8FE-865F-4C29-BECE-1E02225BC6CF}.Debug|Any CPU.ActiveCfg = Debug|Any CPU
		{9A27E8FE-865F-4C29-BECE-1E02225BC6CF}.Debug|Any CPU.Build.0 = Debug|Any CPU
		{9A27E8FE-865F-4C29-BECE-1E02225BC6CF}.Release|Any CPU.ActiveCfg = Release|Any CPU
		{9A27E8FE-865F-4C29-BECE-1E02225BC6CF}.Release|Any CPU.Build.0 = Release|Any CPU
		{68EC4699-1194-4779-A880-B4B37666B64B}.Debug|Any CPU.ActiveCfg = Debug|Any CPU
		{68EC4699-1194-4779-A880-B4B37666B64B}.Debug|Any CPU.Build.0 = Debug|Any CPU
		{68EC4699-1194-4779-A880-B4B37666B64B}.Release|Any CPU.ActiveCfg = Release|Any CPU
		{68EC4699-1194-4779-A880-B4B37666B64B}.Release|Any CPU.Build.0 = Release|Any CPU
		{29CC1A9E-79F0-4E69-A4D6-CF1E4C98993C}.Debug|Any CPU.ActiveCfg = Debug|Any CPU
		{29CC1A9E-79F0-4E69-A4D6-CF1E4C98993C}.Debug|Any CPU.Build.0 = Debug|Any CPU
		{29CC1A9E-79F0-4E69-A4D6-CF1E4C98993C}.Release|Any CPU.ActiveCfg = Release|Any CPU
		{29CC1A9E-79F0-4E69-A4D6-CF1E4C98993C}.Release|Any CPU.Build.0 = Release|Any CPU
		{B49D0AB7-BFE6-48EF-8653-A840E54B68FB}.Debug|Any CPU.ActiveCfg = Debug|Any CPU
		{B49D0AB7-BFE6-48EF-8653-A840E54B68FB}.Debug|Any CPU.Build.0 = Debug|Any CPU
		{B49D0AB7-BFE6-48EF-8653-A840E54B68FB}.Release|Any CPU.ActiveCfg = Release|Any CPU
		{B49D0AB7-BFE6-48EF-8653-A840E54B68FB}.Release|Any CPU.Build.0 = Release|Any CPU
		{CBFC5F0B-E208-4BF0-9E4F-2D0FF9F72AE9}.Debug|Any CPU.ActiveCfg = Debug|Any CPU
		{CBFC5F0B-E208-4BF0-9E4F-2D0FF9F72AE9}.Debug|Any CPU.Build.0 = Debug|Any CPU
		{CBFC5F0B-E208-4BF0-9E4F-2D0FF9F72AE9}.Release|Any CPU.ActiveCfg = Release|Any CPU
		{CBFC5F0B-E208-4BF0-9E4F-2D0FF9F72AE9}.Release|Any CPU.Build.0 = Release|Any CPU
		{B55FC7A8-ED26-4B5C-90BC-22AC25986252}.Debug|Any CPU.ActiveCfg = Debug|Any CPU
		{B55FC7A8-ED26-4B5C-90BC-22AC25986252}.Debug|Any CPU.Build.0 = Debug|Any CPU
		{B55FC7A8-ED26-4B5C-90BC-22AC25986252}.Release|Any CPU.ActiveCfg = Release|Any CPU
		{B55FC7A8-ED26-4B5C-90BC-22AC25986252}.Release|Any CPU.Build.0 = Release|Any CPU
		{E7A94439-4F02-41E1-8D36-485B0EF33B8C}.Debug|Any CPU.ActiveCfg = Debug|Any CPU
		{E7A94439-4F02-41E1-8D36-485B0EF33B8C}.Debug|Any CPU.Build.0 = Debug|Any CPU
		{E7A94439-4F02-41E1-8D36-485B0EF33B8C}.Release|Any CPU.ActiveCfg = Release|Any CPU
		{E7A94439-4F02-41E1-8D36-485B0EF33B8C}.Release|Any CPU.Build.0 = Release|Any CPU
	EndGlobalSection
	GlobalSection(SolutionProperties) = preSolution
		HideSolutionNode = FALSE
	EndGlobalSection
	GlobalSection(ExtensibilityGlobals) = postSolution
		SolutionGuid = {98F41DA9-9409-44DF-B925-A352BFDD1AC4}
	EndGlobalSection
EndGlobal
