Microsoft Visual Studio Solution File, Format Version 12.00
# Visual Studio Version 17
VisualStudioVersion = 17.5.2.0
MinimumVisualStudioVersion = 10.0.40219.1
Project("{FAE04EC0-301F-11D3-BF4B-00C04F79EFBC}") = "WibuBlogAPI", "WibuBlogAPI.csproj", "{F596626D-10FA-601A-E624-9BD8E371222E}"
EndProject
Global
	GlobalSection(SolutionConfigurationPlatforms) = preSolution
		Debug|Any CPU = Debug|Any CPU
		Release|Any CPU = Release|Any CPU
	EndGlobalSection
	GlobalSection(ProjectConfigurationPlatforms) = postSolution
		{F596626D-10FA-601A-E624-9BD8E371222E}.Debug|Any CPU.ActiveCfg = Debug|Any CPU
		{F596626D-10FA-601A-E624-9BD8E371222E}.Debug|Any CPU.Build.0 = Debug|Any CPU
		{F596626D-10FA-601A-E624-9BD8E371222E}.Release|Any CPU.ActiveCfg = Release|Any CPU
		{F596626D-10FA-601A-E624-9BD8E371222E}.Release|Any CPU.Build.0 = Release|Any CPU
	EndGlobalSection
	GlobalSection(SolutionProperties) = preSolution
		HideSolutionNode = FALSE
	EndGlobalSection
	GlobalSection(ExtensibilityGlobals) = postSolution
		SolutionGuid = {F5C316CA-CCB2-402A-84FE-20E166E509AC}
	EndGlobalSection
EndGlobal
